
Microsoft Visual Studio Solution File, Format Version 12.00
# Visual Studio Version 16
VisualStudioVersion = 16.0.29424.173
MinimumVisualStudioVersion = 10.0.40219.1
Project("{FAE04EC0-301F-11D3-BF4B-00C04F79EFBC}") = "FactoryMethod", "Factories\FactoryMethod.csproj", "{18A740B5-482D-46DF-ACC5-F123C2D6AD5D}"
EndProject
Project("{FAE04EC0-301F-11D3-BF4B-00C04F79EFBC}") = "Factory", "Factory\Factory.csproj", "{87845022-13BB-4A68-BB90-54D3A70B404B}"
EndProject
Project("{FAE04EC0-301F-11D3-BF4B-00C04F79EFBC}") = "InnerFactory", "InnerFactory\InnerFactory.csproj", "{78C2AE52-F864-47F4-A913-557F28B99601}"
EndProject
Global
	GlobalSection(SolutionConfigurationPlatforms) = preSolution
		Debug|Any CPU = Debug|Any CPU
		Release|Any CPU = Release|Any CPU
	EndGlobalSection
	GlobalSection(ProjectConfigurationPlatforms) = postSolution
		{18A740B5-482D-46DF-ACC5-F123C2D6AD5D}.Debug|Any CPU.ActiveCfg = Debug|Any CPU
		{18A740B5-482D-46DF-ACC5-F123C2D6AD5D}.Debug|Any CPU.Build.0 = Debug|Any CPU
		{18A740B5-482D-46DF-ACC5-F123C2D6AD5D}.Release|Any CPU.ActiveCfg = Release|Any CPU
		{18A740B5-482D-46DF-ACC5-F123C2D6AD5D}.Release|Any CPU.Build.0 = Release|Any CPU
		{87845022-13BB-4A68-BB90-54D3A70B404B}.Debug|Any CPU.ActiveCfg = Debug|Any CPU
		{87845022-13BB-4A68-BB90-54D3A70B404B}.Debug|Any CPU.Build.0 = Debug|Any CPU
		{87845022-13BB-4A68-BB90-54D3A70B404B}.Release|Any CPU.ActiveCfg = Release|Any CPU
		{87845022-13BB-4A68-BB90-54D3A70B404B}.Release|Any CPU.Build.0 = Release|Any CPU
		{78C2AE52-F864-47F4-A913-557F28B99601}.Debug|Any CPU.ActiveCfg = Debug|Any CPU
		{78C2AE52-F864-47F4-A913-557F28B99601}.Debug|Any CPU.Build.0 = Debug|Any CPU
		{78C2AE52-F864-47F4-A913-557F28B99601}.Release|Any CPU.ActiveCfg = Release|Any CPU
		{78C2AE52-F864-47F4-A913-557F28B99601}.Release|Any CPU.Build.0 = Release|Any CPU
	EndGlobalSection
	GlobalSection(SolutionProperties) = preSolution
		HideSolutionNode = FALSE
	EndGlobalSection
	GlobalSection(ExtensibilityGlobals) = postSolution
		SolutionGuid = {8C6E76A9-8322-4FE4-BECC-DBD29E92D9A1}
	EndGlobalSection
EndGlobal
